PODS:
  - Alamofire (5.6.4)
  - Realm (10.37.2):
    - Realm/Headers (= 10.37.2)
  - Realm/Headers (10.37.2)
  - RealmSwift (10.37.2):
    - Realm (= 10.37.2)
  - Swinject (2.8.3)

DEPENDENCIES:
  - Alamofire
  - RealmSwift (~> 10)
  - Swinject

SPEC REPOS:
  trunk:
    - Alamofire
    - Realm
    - RealmSwift
    - Swinject

SPEC CHECKSUMS:
  Alamofire: 4e95d97098eacb88856099c4fc79b526a299e48c
  Realm: 09e17879e909fafc5336864bff22272de9bd11bf
  RealmSwift: adaf8f6fd925b41447089fcfab71b9b7cdc3982d
  Swinject: 893c9a543000ac2f10ee4cbaf0933c6992c935d5

PODFILE CHECKSUM: d561d193099fb6f5aa8f7143a5bbdac2dd4954fa

COCOAPODS: 1.11.3
